
Microsoft Visual Studio Solution File, Format Version 12.00
# Visual Studio 14
VisualStudioVersion = 14.0.23107.0
MinimumVisualStudioVersion = 10.0.40219.1
Project("{FAE04EC0-301F-11D3-BF4B-00C04F79EFBC}") = "ServiceOrder.WebSite", "ServiceOrder.WebSite\ServiceOrder.WebSite.csproj", "{9828513F-3615-4944-B330-86867745F0DA}"
EndProject
Project("{FAE04EC0-301F-11D3-BF4B-00C04F79EFBC}") = "ServiceOrder.Logic", "ServiceOrder.Logic\ServiceOrder.Logic.csproj", "{B0BFC73C-BD37-497E-81D0-F2EC1E16AF79}"
EndProject
Project("{FAE04EC0-301F-11D3-BF4B-00C04F79EFBC}") = "ServiceOrder.Model", "ServiceOrder.Model\ServiceOrder.Model.csproj", "{93835022-70FA-4A96-9D19-F0874AAF5B04}"
EndProject
Project("{FAE04EC0-301F-11D3-BF4B-00C04F79EFBC}") = "ServiceOrder.DataProvider", "ServiceOrder.DataProvider\ServiceOrder.DataProvider.csproj", "{4B83DAB8-2A1A-452A-8E80-0BACF8CEC44A}"
EndProject
Project("{FAE04EC0-301F-11D3-BF4B-00C04F79EFBC}") = "ServiceOrder.Common", "ServiceOrder.Common\ServiceOrder.Common.csproj", "{88B1F069-4661-4D2D-83EE-0F30DBE80D79}"
EndProject
Global
	GlobalSection(SolutionConfigurationPlatforms) = preSolution
		Debug|Any CPU = Debug|Any CPU
		Release|Any CPU = Release|Any CPU
	EndGlobalSection
	GlobalSection(ProjectConfigurationPlatforms) = postSolution
		{9828513F-3615-4944-B330-86867745F0DA}.Debug|Any CPU.ActiveCfg = Debug|Any CPU
		{9828513F-3615-4944-B330-86867745F0DA}.Debug|Any CPU.Build.0 = Debug|Any CPU
		{9828513F-3615-4944-B330-86867745F0DA}.Release|Any CPU.ActiveCfg = Release|Any CPU
		{9828513F-3615-4944-B330-86867745F0DA}.Release|Any CPU.Build.0 = Release|Any CPU
		{B0BFC73C-BD37-497E-81D0-F2EC1E16AF79}.Debug|Any CPU.ActiveCfg = Debug|Any CPU
		{B0BFC73C-BD37-497E-81D0-F2EC1E16AF79}.Debug|Any CPU.Build.0 = Debug|Any CPU
		{B0BFC73C-BD37-497E-81D0-F2EC1E16AF79}.Release|Any CPU.ActiveCfg = Release|Any CPU
		{B0BFC73C-BD37-497E-81D0-F2EC1E16AF79}.Release|Any CPU.Build.0 = Release|Any CPU
		{93835022-70FA-4A96-9D19-F0874AAF5B04}.Debug|Any CPU.ActiveCfg = Debug|Any CPU
		{93835022-70FA-4A96-9D19-F0874AAF5B04}.Debug|Any CPU.Build.0 = Debug|Any CPU
		{93835022-70FA-4A96-9D19-F0874AAF5B04}.Release|Any CPU.ActiveCfg = Release|Any CPU
		{93835022-70FA-4A96-9D19-F0874AAF5B04}.Release|Any CPU.Build.0 = Release|Any CPU
		{4B83DAB8-2A1A-452A-8E80-0BACF8CEC44A}.Debug|Any CPU.ActiveCfg = Debug|Any CPU
		{4B83DAB8-2A1A-452A-8E80-0BACF8CEC44A}.Debug|Any CPU.Build.0 = Debug|Any CPU
		{4B83DAB8-2A1A-452A-8E80-0BACF8CEC44A}.Release|Any CPU.ActiveCfg = Release|Any CPU
		{4B83DAB8-2A1A-452A-8E80-0BACF8CEC44A}.Release|Any CPU.Build.0 = Release|Any CPU
		{88B1F069-4661-4D2D-83EE-0F30DBE80D79}.Debug|Any CPU.ActiveCfg = Debug|Any CPU
		{88B1F069-4661-4D2D-83EE-0F30DBE80D79}.Debug|Any CPU.Build.0 = Debug|Any CPU
		{88B1F069-4661-4D2D-83EE-0F30DBE80D79}.Release|Any CPU.ActiveCfg = Release|Any CPU
		{88B1F069-4661-4D2D-83EE-0F30DBE80D79}.Release|Any CPU.Build.0 = Release|Any CPU
	EndGlobalSection
	GlobalSection(SolutionProperties) = preSolution
		HideSolutionNode = FALSE
	EndGlobalSection
EndGlobal
